
Microsoft Visual Studio Solution File, Format Version 12.00
# Visual Studio Version 16
VisualStudioVersion = 16.0.31424.327
MinimumVisualStudioVersion = 10.0.40219.1
Project("{FAE04EC0-301F-11D3-BF4B-00C04F79EFBC}") = "Software2", "Software2\Software2.csproj", "{F181B9F4-0681-4275-91D7-39E995EEA6CF}"
EndProject
Global
	GlobalSection(SolutionConfigurationPlatforms) = preSolution
		Debug|Any CPU = Debug|Any CPU
		Release|Any CPU = Release|Any CPU
	EndGlobalSection
	GlobalSection(ProjectConfigurationPlatforms) = postSolution
		{F181B9F4-0681-4275-91D7-39E995EEA6CF}.Debug|Any CPU.ActiveCfg = Debug|Any CPU
		{F181B9F4-0681-4275-91D7-39E995EEA6CF}.Debug|Any CPU.Build.0 = Debug|Any CPU
		{F181B9F4-0681-4275-91D7-39E995EEA6CF}.Release|Any CPU.ActiveCfg = Release|Any CPU
		{F181B9F4-0681-4275-91D7-39E995EEA6CF}.Release|Any CPU.Build.0 = Release|Any CPU
	EndGlobalSection
	GlobalSection(SolutionProperties) = preSolution
		HideSolutionNode = FALSE
	EndGlobalSection
	GlobalSection(ExtensibilityGlobals) = postSolution
		SolutionGuid = {9FC67EBF-C711-4988-9E30-92EB93071F6D}
	EndGlobalSection
EndGlobal
